
Microsoft Visual Studio Solution File, Format Version 12.00
# Visual Studio Version 17
VisualStudioVersion = 17.9.34728.123
MinimumVisualStudioVersion = 10.0.40219.1
Project("{FAE04EC0-301F-11D3-BF4B-00C04F79EFBC}") = "I4P_feladat_project", "I4P_feladat_project\I4P_feladat_project.csproj", "{2A62CFE2-57CC-495A-8872-99DE56248A8C}"
EndProject
Global
	GlobalSection(SolutionConfigurationPlatforms) = preSolution
		Debug|Any CPU = Debug|Any CPU
		Release|Any CPU = Release|Any CPU
	EndGlobalSection
	GlobalSection(ProjectConfigurationPlatforms) = postSolution
		{2A62CFE2-57CC-495A-8872-99DE56248A8C}.Debug|Any CPU.ActiveCfg = Debug|Any CPU
		{2A62CFE2-57CC-495A-8872-99DE56248A8C}.Debug|Any CPU.Build.0 = Debug|Any CPU
		{2A62CFE2-57CC-495A-8872-99DE56248A8C}.Release|Any CPU.ActiveCfg = Release|Any CPU
		{2A62CFE2-57CC-495A-8872-99DE56248A8C}.Release|Any CPU.Build.0 = Release|Any CPU
	EndGlobalSection
	GlobalSection(SolutionProperties) = preSolution
		HideSolutionNode = FALSE
	EndGlobalSection
	GlobalSection(ExtensibilityGlobals) = postSolution
		SolutionGuid = {81882E0E-7A0C-4739-9FC8-5D342E68C9E7}
	EndGlobalSection
EndGlobal
